<?xml version="1.0" encoding="utf-8"?>
<Project ToolsVersion="4.0" xmlns="http://schemas.microsoft.com/developer/msbuild/2003">
  <ItemGroup>
    <Filter Include="Source Files">
      <UniqueIdentifier>{4FC737F1-C7A5-4376-A066-2A32D752A2FF}</UniqueIdentifier>
      <Extensions>cpp;c;cc;cxx;def;odl;idl;hpj;bat;asm;asmx</Extensions>
    </Filter>
    <Filter Include="Header Files">
      <UniqueIdentifier>{93995380-89BD-4b04-88EB-625FBE52EBFB}</UniqueIdentifier>
      <Extensions>h;hh;hpp;hxx;hm;inl;inc;xsd</Extensions>
    </Filter>
    <Filter Include="Resource Files">
      <UniqueIdentifier>{67DA6AB6-F800-4c08-8B7A-83BB121AAD01}</UniqueIdentifier>
      <Extensions>rc;ico;cur;bmp;dlg;rc2;rct;bin;rgs;gif;jpg;jpeg;jpe;resx;tiff;tif;png;wav;mfcribbon-ms</Extensions>
    </Filter>
  </ItemGroup>
  <ItemGroup>
    <ClCompile Include="src\Antylopa.cpp">
      <Filter>Source Files</Filter>
    </ClCompile>
    <ClCompile Include="src\Czlowiek.cpp">
      <Filter>Source Files</Filter>
    </ClCompile>
    <ClCompile Include="src\Guarana.cpp">
      <Filter>Source Files</Filter>
    </ClCompile>
    <ClCompile Include="src\Kontener.cpp">
      <Filter>Source Files</Filter>
    </ClCompile>
    <ClCompile Include="src\Lis.cpp">
      <Filter>Source Files</Filter>
    </ClCompile>
    <ClCompile Include="src\Mlecz.cpp">
      <Filter>Source Files</Filter>
    </ClCompile>
    <ClCompile Include="src\Organizm.cpp">
      <Filter>Source Files</Filter>
    </ClCompile>
    <ClCompile Include="src\Owca.cpp">
      <Filter>Source Files</Filter>
    </ClCompile>
    <ClCompile Include="src\Roslina.cpp">
      <Filter>Source Files</Filter>
    </ClCompile>
    <ClCompile Include="src\Swiat.cpp">
      <Filter>Source Files</Filter>
    </ClCompile>
    <ClCompile Include="src\Trawa.cpp">
      <Filter>Source Files</Filter>
    </ClCompile>
    <ClCompile Include="src\WilczeJagody.cpp">
      <Filter>Source Files</Filter>
    </ClCompile>
    <ClCompile Include="src\Wilk.cpp">
      <Filter>Source Files</Filter>
    </ClCompile>
    <ClCompile Include="src\Wyjatek.cpp">
      <Filter>Source Files</Filter>
    </ClCompile>
    <ClCompile Include="src\Zolw.cpp">
      <Filter>Source Files</Filter>
    </ClCompile>
    <ClCompile Include="src\Zwierze.cpp">
      <Filter>Source Files</Filter>
    </ClCompile>
    <ClCompile Include="main.cpp">
      <Filter>Source Files</Filter>
    </ClCompile>
  </ItemGroup>
  <ItemGroup>
    <ClInclude Include="src\Antylopa.h">
      <Filter>Header Files</Filter>
    </ClInclude>
    <ClInclude Include="src\Czlowiek.h">
      <Filter>Header Files</Filter>
    </ClInclude>
    <ClInclude Include="src\globals.h">
      <Filter>Header Files</Filter>
    </ClInclude>
    <ClInclude Include="src\Guarana.h">
      <Filter>Header Files</Filter>
    </ClInclude>
    <ClInclude Include="src\Kontener.h">
      <Filter>Header Files</Filter>
    </ClInclude>
    <ClInclude Include="src\Lis.h">
      <Filter>Header Files</Filter>
    </ClInclude>
    <ClInclude Include="src\Mlecz.h">
      <Filter>Header Files</Filter>
    </ClInclude>
    <ClInclude Include="src\Organizm.h">
      <Filter>Header Files</Filter>
    </ClInclude>
    <ClInclude Include="src\Owca.h">
      <Filter>Header Files</Filter>
    </ClInclude>
    <ClInclude Include="src\Roslina.h">
      <Filter>Header Files</Filter>
    </ClInclude>
    <ClInclude Include="src\Swiat.h">
      <Filter>Header Files</Filter>
    </ClInclude>
    <ClInclude Include="src\Trawa.h">
      <Filter>Header Files</Filter>
    </ClInclude>
    <ClInclude Include="src\WilczeJagody.h">
      <Filter>Header Files</Filter>
    </ClInclude>
    <ClInclude Include="src\Wilk.h">
      <Filter>Header Files</Filter>
    </ClInclude>
    <ClInclude Include="src\Wyjatek.h">
      <Filter>Header Files</Filter>
    </ClInclude>
    <ClInclude Include="src\Zolw.h">
      <Filter>Header Files</Filter>
    </ClInclude>
    <ClInclude Include="src\Zwierze.h">
      <Filter>Header Files</Filter>
    </ClInclude>
  </ItemGroup>
  <ItemGroup>
    <None Include="src\globals.h.gch">
      <Filter>Header Files</Filter>
    </None>
  </ItemGroup>
</Project>